
Microsoft Visual Studio Solution File, Format Version 12.00
Project("{FAE04EC0-301F-11D3-BF4B-00C04F79EFBC}") = "LogArchiver", "LogArchiver\LogArchiver.csproj", "{C536B57F-5DD5-43AE-822B-15021F25378B}"
EndProject
Global
	GlobalSection(SolutionConfigurationPlatforms) = preSolution
		Debug|Any CPU = Debug|Any CPU
		Release|Any CPU = Release|Any CPU
	EndGlobalSection
	GlobalSection(ProjectConfigurationPlatforms) = postSolution
		{C536B57F-5DD5-43AE-822B-15021F25378B}.Debug|Any CPU.ActiveCfg = Debug|Any CPU
		{C536B57F-5DD5-43AE-822B-15021F25378B}.Debug|Any CPU.Build.0 = Debug|Any CPU
		{C536B57F-5DD5-43AE-822B-15021F25378B}.Release|Any CPU.ActiveCfg = Release|Any CPU
		{C536B57F-5DD5-43AE-822B-15021F25378B}.Release|Any CPU.Build.0 = Release|Any CPU
	EndGlobalSection
EndGlobal
